{
  "name": "functions_spreadsheet",
  "version": "1.0.0",
  "lockfileVersion": 3,
  "requires": true,
  "packages": {
    "": {
      "name": "functions_spreadsheet",
      "version": "1.0.0",
      "license": "ISC",
      "dependencies": {
        "@types/google-apps-script": "^1.0.64"
      }
    },
    "node_modules/@types/google-apps-script": {
      "version": "1.0.64",
      "resolved": "https://registry.npmjs.org/@types/google-apps-script/-/google-apps-script-1.0.64.tgz",
      "integrity": "sha512-oxDnuewCGSPhlcpSiSMH9W2HkK3lV3tF/jYYqY9jdo2sKsNjeL+mH5lJiWEnqoMK8s/Sz3gxrpdsCrAFvRjTKQ=="
    }
  }
}
